// !$*UTF8*$!
{
	archiveVersion = 1;
	classes = {
	};
	objectVersion = 46;
	objects = {

/* Begin PBXBuildFile section */
		102D512018A441CF00FEE591 /* Foundation.framework in Frameworks */ = {isa = PBXBuildFile; fileRef = 102D511F18A441CF00FEE591 /* Foundation.framework */; };
		102D512218A441CF00FEE591 /* CoreGraphics.framework in Frameworks */ = {isa = PBXBuildFile; fileRef = 102D512118A441CF00FEE591 /* CoreGraphics.framework */; };
		102D512418A441CF00FEE591 /* UIKit.framework in Frameworks */ = {isa = PBXBuildFile; fileRef = 102D512318A441CF00FEE591 /* UIKit.framework */; };
		102D512A18A441CF00FEE591 /* InfoPlist.strings in Resources */ = {isa = PBXBuildFile; fileRef = 102D512818A441CF00FEE591 /* InfoPlist.strings */; };
		102D512C18A441CF00FEE591 /* main.m in Sources */ = {isa = PBXBuildFile; fileRef = 102D512B18A441CF00FEE591 /* main.m */; };
		102D513018A441CF00FEE591 /* XYZAppDelegate.m in Sources */ = {isa = PBXBuildFile; fileRef = 102D512F18A441CF00FEE591 /* XYZAppDelegate.m */; };
		102D513218A441CF00FEE591 /* Images.xcassets in Resources */ = {isa = PBXBuildFile; fileRef = 102D513118A441CF00FEE591 /* Images.xcassets */; };
		102D513918A441CF00FEE591 /* XCTest.framework in Frameworks */ = {isa = PBXBuildFile; fileRef = 102D513818A441CF00FEE591 /* XCTest.framework */; };
		102D513A18A441CF00FEE591 /* Foundation.framework in Frameworks */ = {isa = PBXBuildFile; fileRef = 102D511F18A441CF00FEE591 /* Foundation.framework */; };
		102D513B18A441CF00FEE591 /* UIKit.framework in Frameworks */ = {isa = PBXBuildFile; fileRef = 102D512318A441CF00FEE591 /* UIKit.framework */; };
		102D514318A441CF00FEE591 /* InfoPlist.strings in Resources */ = {isa = PBXBuildFile; fileRef = 102D514118A441CF00FEE591 /* InfoPlist.strings */; };
		102D514518A441CF00FEE591 /* ulive_ipad_demoTests.m in Sources */ = {isa = PBXBuildFile; fileRef = 102D514418A441CF00FEE591 /* ulive_ipad_demoTests.m */; };
		102D515118A4421C00FEE591 /* Main.storyboard in Resources */ = {isa = PBXBuildFile; fileRef = 102D515018A4421C00FEE591 /* Main.storyboard */; };
		102D515718A4433100FEE591 /* XYZDetailViewController.m in Sources */ = {isa = PBXBuildFile; fileRef = 102D515618A4433100FEE591 /* XYZDetailViewController.m */; };
		102D515A18A4441F00FEE591 /* XYZvideoModel.m in Sources */ = {isa = PBXBuildFile; fileRef = 102D515918A4441F00FEE591 /* XYZvideoModel.m */; };
		102D515D18A4536800FEE591 /* XYZCollectionViewController.m in Sources */ = {isa = PBXBuildFile; fileRef = 102D515C18A4536800FEE591 /* XYZCollectionViewController.m */; };
		102D516018A453BB00FEE591 /* XYZCollectionViewCell.m in Sources */ = {isa = PBXBuildFile; fileRef = 102D515F18A453BB00FEE591 /* XYZCollectionViewCell.m */; };
/* End PBXBuildFile section */

/* Begin PBXContainerItemProxy section */
		102D513C18A441CF00FEE591 /* PBXContainerItemProxy */ = {
			isa = PBXContainerItemProxy;
			containerPortal = 102D511418A441CF00FEE591 /* Project object */;
			proxyType = 1;
			remoteGlobalIDString = 102D511B18A441CF00FEE591;
			remoteInfo = "ulive-ipad-demo";
		};
/* End PBXContainerItemProxy section */

/* Begin PBXFileReference section */
		102D511C18A441CF00FEE591 /* ulive-ipad-demo.app */ = {isa = PBXFileReference; explicitFileType = wrapper.application; includeInIndex = 0; path = "ulive-ipad-demo.app"; sourceTree = BUILT_PRODUCTS_DIR; };
		102D511F18A441CF00FEE591 /* Foundation.framework */ = {isa = PBXFileReference; lastKnownFileType = wrapper.framework; name = Foundation.framework; path = System/Library/Frameworks/Foundation.framework; sourceTree = SDKROOT; };
		102D512118A441CF00FEE591 /* CoreGraphics.framework */ = {isa = PBXFileReference; lastKnownFileType = wrapper.framework; name = CoreGraphics.framework; path = System/Library/Frameworks/CoreGraphics.framework; sourceTree = SDKROOT; };
		102D512318A441CF00FEE591 /* UIKit.framework */ = {isa = PBXFileReference; lastKnownFileType = wrapper.framework; name = UIKit.framework; path = System/Library/Frameworks/UIKit.framework; sourceTree = SDKROOT; };
		102D512718A441CF00FEE591 /* ulive-ipad-demo-Info.plist */ = {isa = PBXFileReference; lastKnownFileType = text.plist.xml; path = "ulive-ipad-demo-Info.plist"; sourceTree = "<group>"; };
		102D512918A441CF00FEE591 /* en */ = {isa = PBXFileReference; lastKnownFileType = text.plist.strings; name = en; path = en.lproj/InfoPlist.strings; sourceTree = "<group>"; };
		102D512B18A441CF00FEE591 /* main.m */ = {isa = PBXFileReference; lastKnownFileType = sourcecode.c.objc; path = main.m; sourceTree = "<group>"; };
		102D512D18A441CF00FEE591 /* ulive-ipad-demo-Prefix.pch */ = {isa = PBXFileReference; lastKnownFileType = sourcecode.c.h; path = "ulive-ipad-demo-Prefix.pch"; sourceTree = "<group>"; };
		102D512E18A441CF00FEE591 /* XYZAppDelegate.h */ = {isa = PBXFileReference; lastKnownFileType = sourcecode.c.h; path = XYZAppDelegate.h; sourceTree = "<group>"; };
		102D512F18A441CF00FEE591 /* XYZAppDelegate.m */ = {isa = PBXFileReference; lastKnownFileType = sourcecode.c.objc; path = XYZAppDelegate.m; sourceTree = "<group>"; };
		102D513118A441CF00FEE591 /* Images.xcassets */ = {isa = PBXFileReference; lastKnownFileType = folder.assetcatalog; path = Images.xcassets; sourceTree = "<group>"; };
		102D513718A441CF00FEE591 /* ulive-ipad-demoTests.xctest */ = {isa = PBXFileReference; explicitFileType = wrapper.cfbundle; includeInIndex = 0; path = "ulive-ipad-demoTests.xctest"; sourceTree = BUILT_PRODUCTS_DIR; };
		102D513818A441CF00FEE591 /* XCTest.framework */ = {isa = PBXFileReference; lastKnownFileType = wrapper.framework; name = XCTest.framework; path = Library/Frameworks/XCTest.framework; sourceTree = DEVELOPER_DIR; };
		102D514018A441CF00FEE591 /* ulive-ipad-demoTests-Info.plist */ = {isa = PBXFileReference; lastKnownFileType = text.plist.xml; path = "ulive-ipad-demoTests-Info.plist"; sourceTree = "<group>"; };
		102D514218A441CF00FEE591 /* en */ = {isa = PBXFileReference; lastKnownFileType = text.plist.strings; name = en; path = en.lproj/InfoPlist.strings; sourceTree = "<group>"; };
		102D514418A441CF00FEE591 /* ulive_ipad_demoTests.m */ = {isa = PBXFileReference; lastKnownFileType = sourcecode.c.objc; path = ulive_ipad_demoTests.m; sourceTree = "<group>"; };
		102D515018A4421C00FEE591 /* Main.storyboard */ = {isa = PBXFileReference; fileEncoding = 4; lastKnownFileType = file.storyboard; name = Main.storyboard; path = ../Main.storyboard; sourceTree = "<group>"; };
		102D515518A4433100FEE591 /* XYZDetailViewController.h */ = {isa = PBXFileReference; fileEncoding = 4; lastKnownFileType = sourcecode.c.h; path = XYZDetailViewController.h; sourceTree = "<group>"; };
		102D515618A4433100FEE591 /* XYZDetailViewController.m */ = {isa = PBXFileReference; fileEncoding = 4; lastKnownFileType = sourcecode.c.objc; path = XYZDetailViewController.m; sourceTree = "<group>"; };
		102D515818A4441F00FEE591 /* XYZvideoModel.h */ = {isa = PBXFileReference; fileEncoding = 4; lastKnownFileType = sourcecode.c.h; path = XYZvideoModel.h; sourceTree = "<group>"; };
		102D515918A4441F00FEE591 /* XYZvideoModel.m */ = {isa = PBXFileReference; fileEncoding = 4; lastKnownFileType = sourcecode.c.objc; path = XYZvideoModel.m; sourceTree = "<group>"; };
		102D515B18A4536800FEE591 /* XYZCollectionViewController.h */ = {isa = PBXFileReference; fileEncoding = 4; lastKnownFileType = sourcecode.c.h; path = XYZCollectionViewController.h; sourceTree = "<group>"; };
		102D515C18A4536800FEE591 /* XYZCollectionViewController.m */ = {isa = PBXFileReference; fileEncoding = 4; lastKnownFileType = sourcecode.c.objc; path = XYZCollectionViewController.m; sourceTree = "<group>"; };
		102D515E18A453BB00FEE591 /* XYZCollectionViewCell.h */ = {isa = PBXFileReference; fileEncoding = 4; lastKnownFileType = sourcecode.c.h; path = XYZCollectionViewCell.h; sourceTree = "<group>"; };
		102D515F18A453BB00FEE591 /* XYZCollectionViewCell.m */ = {isa = PBXFileReference; fileEncoding = 4; lastKnownFileType = sourcecode.c.objc; path = XYZCollectionViewCell.m; sourceTree = "<group>"; };
/* End PBXFileReference section */

/* Begin PBXFrameworksBuildPhase section */
		102D511918A441CF00FEE591 /* Frameworks */ = {
			isa = PBXFrameworksBuildPhase;
			buildActionMask = 2147483647;
			files = (
				102D512218A441CF00FEE591 /* CoreGraphics.framework in Frameworks */,
				102D512418A441CF00FEE591 /* UIKit.framework in Frameworks */,
				102D512018A441CF00FEE591 /* Foundation.framework in Frameworks */,
			);
			runOnlyForDeploymentPostprocessing = 0;
		};
		102D513418A441CF00FEE591 /* Frameworks */ = {
			isa = PBXFrameworksBuildPhase;
			buildActionMask = 2147483647;
			files = (
				102D513918A441CF00FEE591 /* XCTest.framework in Frameworks */,
				102D513B18A441CF00FEE591 /* UIKit.framework in Frameworks */,
				102D513A18A441CF00FEE591 /* Foundation.framework in Frameworks */,
			);
			runOnlyForDeploymentPostprocessing = 0;
		};
/* End PBXFrameworksBuildPhase section */

/* Begin PBXGroup section */
		102D511318A441CF00FEE591 = {
			isa = PBXGroup;
			children = (
				102D512518A441CF00FEE591 /* ulive-ipad-demo */,
				102D513E18A441CF00FEE591 /* ulive-ipad-demoTests */,
				102D511E18A441CF00FEE591 /* Frameworks */,
				102D511D18A441CF00FEE591 /* Products */,
			);
			sourceTree = "<group>";
		};
		102D511D18A441CF00FEE591 /* Products */ = {
			isa = PBXGroup;
			children = (
				102D511C18A441CF00FEE591 /* ulive-ipad-demo.app */,
				102D513718A441CF00FEE591 /* ulive-ipad-demoTests.xctest */,
			);
			name = Products;
			sourceTree = "<group>";
		};
		102D511E18A441CF00FEE591 /* Frameworks */ = {
			isa = PBXGroup;
			children = (
				102D511F18A441CF00FEE591 /* Foundation.framework */,
				102D512118A441CF00FEE591 /* CoreGraphics.framework */,
				102D512318A441CF00FEE591 /* UIKit.framework */,
				102D513818A441CF00FEE591 /* XCTest.framework */,
			);
			name = Frameworks;
			sourceTree = "<group>";
		};
		102D512518A441CF00FEE591 /* ulive-ipad-demo */ = {
			isa = PBXGroup;
			children = (
				102D515018A4421C00FEE591 /* Main.storyboard */,
				102D515B18A4536800FEE591 /* XYZCollectionViewController.h */,
				102D515C18A4536800FEE591 /* XYZCollectionViewController.m */,
				102D515E18A453BB00FEE591 /* XYZCollectionViewCell.h */,
				102D515F18A453BB00FEE591 /* XYZCollectionViewCell.m */,
				102D515518A4433100FEE591 /* XYZDetailViewController.h */,
				102D515618A4433100FEE591 /* XYZDetailViewController.m */,
				102D515818A4441F00FEE591 /* XYZvideoModel.h */,
				102D515918A4441F00FEE591 /* XYZvideoModel.m */,
				102D512E18A441CF00FEE591 /* XYZAppDelegate.h */,
				102D512F18A441CF00FEE591 /* XYZAppDelegate.m */,
				102D513118A441CF00FEE591 /* Images.xcassets */,
				102D512618A441CF00FEE591 /* Supporting Files */,
			);
			path = "ulive-ipad-demo";
			sourceTree = "<group>";
		};
		102D512618A441CF00FEE591 /* Supporting Files */ = {
			isa = PBXGroup;
			children = (
				102D512718A441CF00FEE591 /* ulive-ipad-demo-Info.plist */,
				102D512818A441CF00FEE591 /* InfoPlist.strings */,
				102D512B18A441CF00FEE591 /* main.m */,
				102D512D18A441CF00FEE591 /* ulive-ipad-demo-Prefix.pch */,
			);
			name = "Supporting Files";
			sourceTree = "<group>";
		};
		102D513E18A441CF00FEE591 /* ulive-ipad-demoTests */ = {
			isa = PBXGroup;
			children = (
				102D514418A441CF00FEE591 /* ulive_ipad_demoTests.m */,
				102D513F18A441CF00FEE591 /* Supporting Files */,
			);
			path = "ulive-ipad-demoTests";
			sourceTree = "<group>";
		};
		102D513F18A441CF00FEE591 /* Supporting Files */ = {
			isa = PBXGroup;
			children = (
				102D514018A441CF00FEE591 /* ulive-ipad-demoTests-Info.plist */,
				102D514118A441CF00FEE591 /* InfoPlist.strings */,
			);
			name = "Supporting Files";
			sourceTree = "<group>";
		};
/* End PBXGroup section */

/* Begin PBXNativeTarget section */
		102D511B18A441CF00FEE591 /* ulive-ipad-demo */ = {
			isa = PBXNativeTarget;
			buildConfigurationList = 102D514818A441CF00FEE591 /* Build configuration list for PBXNativeTarget "ulive-ipad-demo" */;
			buildPhases = (
				102D511818A441CF00FEE591 /* Sources */,
				102D511918A441CF00FEE591 /* Frameworks */,
				102D511A18A441CF00FEE591 /* Resources */,
			);
			buildRules = (
			);
			dependencies = (
			);
			name = "ulive-ipad-demo";
			productName = "ulive-ipad-demo";
			productReference = 102D511C18A441CF00FEE591 /* ulive-ipad-demo.app */;
			productType = "com.apple.product-type.application";
		};
		102D513618A441CF00FEE591 /* ulive-ipad-demoTests */ = {
			isa = PBXNativeTarget;
			buildConfigurationList = 102D514B18A441CF00FEE591 /* Build configuration list for PBXNativeTarget "ulive-ipad-demoTests" */;
			buildPhases = (
				102D513318A441CF00FEE591 /* Sources */,
				102D513418A441CF00FEE591 /* Frameworks */,
				102D513518A441CF00FEE591 /* Resources */,
			);
			buildRules = (
			);
			dependencies = (
				102D513D18A441CF00FEE591 /* PBXTargetDependency */,
			);
			name = "ulive-ipad-demoTests";
			productName = "ulive-ipad-demoTests";
			productReference = 102D513718A441CF00FEE591 /* ulive-ipad-demoTests.xctest */;
			productType = "com.apple.product-type.bundle.unit-test";
		};
/* End PBXNativeTarget section */

/* Begin PBXProject section */
		102D511418A441CF00FEE591 /* Project object */ = {
			isa = PBXProject;
			attributes = {
				CLASSPREFIX = XYZ;
				LastUpgradeCheck = 0500;
				ORGANIZATIONNAME = "Olivia Osby";
				TargetAttributes = {
					102D513618A441CF00FEE591 = {
						TestTargetID = 102D511B18A441CF00FEE591;
					};
				};
			};
			buildConfigurationList = 102D511718A441CF00FEE591 /* Build configuration list for PBXProject "ulive-ipad-demo" */;
			compatibilityVersion = "Xcode 3.2";
			developmentRegion = English;
			hasScannedForEncodings = 0;
			knownRegions = (
				en,
			);
			mainGroup = 102D511318A441CF00FEE591;
			productRefGroup = 102D511D18A441CF00FEE591 /* Products */;
			projectDirPath = "";
			projectRoot = "";
			targets = (
				102D511B18A441CF00FEE591 /* ulive-ipad-demo */,
				102D513618A441CF00FEE591 /* ulive-ipad-demoTests */,
			);
		};
/* End PBXProject section */

/* Begin PBXResourcesBuildPhase section */
		102D511A18A441CF00FEE591 /* Resources */ = {
			isa = PBXResourcesBuildPhase;
			buildActionMask = 2147483647;
			files = (
				102D515118A4421C00FEE591 /* Main.storyboard in Resources */,
				102D512A18A441CF00FEE591 /* InfoPlist.strings in Resources */,
				102D513218A441CF00FEE591 /* Images.xcassets in Resources */,
			);
			runOnlyForDeploymentPostprocessing = 0;
		};
		102D513518A441CF00FEE591 /* Resources */ = {
			isa = PBXResourcesBuildPhase;
			buildActionMask = 2147483647;
			files = (
				102D514318A441CF00FEE591 /* InfoPlist.strings in Resources */,
			);
			runOnlyForDeploymentPostprocessing = 0;
		};
/* End PBXResourcesBuildPhase section */

/* Begin PBXSourcesBuildPhase section */
		102D511818A441CF00FEE591 /* Sources */ = {
			isa = PBXSourcesBuildPhase;
			buildActionMask = 2147483647;
			files = (
				102D516018A453BB00FEE591 /* XYZCollectionViewCell.m in Sources */,
				102D515A18A4441F00FEE591 /* XYZvideoModel.m in Sources */,
				102D513018A441CF00FEE591 /* XYZAppDelegate.m in Sources */,
				102D515D18A4536800FEE591 /* XYZCollectionViewController.m in Sources */,
				102D515718A4433100FEE591 /* XYZDetailViewController.m in Sources */,
				102D512C18A441CF00FEE591 /* main.m in Sources */,
			);
			runOnlyForDeploymentPostprocessing = 0;
		};
		102D513318A441CF00FEE591 /* Sources */ = {
			isa = PBXSourcesBuildPhase;
			buildActionMask = 2147483647;
			files = (
				102D514518A441CF00FEE591 /* ulive_ipad_demoTests.m in Sources */,
			);
			runOnlyForDeploymentPostprocessing = 0;
		};
/* End PBXSourcesBuildPhase section */

/* Begin PBXTargetDependency section */
		102D513D18A441CF00FEE591 /* PBXTargetDependency */ = {
			isa = PBXTargetDependency;
			target = 102D511B18A441CF00FEE591 /* ulive-ipad-demo */;
			targetProxy = 102D513C18A441CF00FEE591 /* PBXContainerItemProxy */;
		};
/* End PBXTargetDependency section */

/* Begin PBXVariantGroup section */
		102D512818A441CF00FEE591 /* InfoPlist.strings */ = {
			isa = PBXVariantGroup;
			children = (
				102D512918A441CF00FEE591 /* en */,
			);
			name = InfoPlist.strings;
			sourceTree = "<group>";
		};
		102D514118A441CF00FEE591 /* InfoPlist.strings */ = {
			isa = PBXVariantGroup;
			children = (
				102D514218A441CF00FEE591 /* en */,
			);
			name = InfoPlist.strings;
			sourceTree = "<group>";
		};
/* End PBXVariantGroup section */

/* Begin XCBuildConfiguration section */
		102D514618A441CF00FEE591 /* Debug */ = {
			isa = XCBuildConfiguration;
			buildSettings = {
				ALWAYS_SEARCH_USER_PATHS = NO;
				ARCHS = "$(ARCHS_STANDARD_INCLUDING_64_BIT)";
				CLANG_CXX_LANGUAGE_STANDARD = "gnu++0x";
				CLANG_CXX_LIBRARY = "libc++";
				CLANG_ENABLE_MODULES = YES;
				CLANG_ENABLE_OBJC_ARC = YES;
				CLANG_WARN_BOOL_CONVERSION = YES;
				CLANG_WARN_CONSTANT_CONVERSION = YES;
				CLANG_WARN_DIRECT_OBJC_ISA_USAGE = YES_ERROR;
				CLANG_WARN_EMPTY_BODY = YES;
				CLANG_WARN_ENUM_CONVERSION = YES;
				CLANG_WARN_INT_CONVERSION = YES;
				CLANG_WARN_OBJC_ROOT_CLASS = YES_ERROR;
				CLANG_WARN__DUPLICATE_METHOD_MATCH = YES;
				"CODE_SIGN_IDENTITY[sdk=iphoneos*]" = "iPhone Developer";
				COPY_PHASE_STRIP = NO;
				GCC_C_LANGUAGE_STANDARD = gnu99;
				GCC_DYNAMIC_NO_PIC = NO;
				GCC_OPTIMIZATION_LEVEL = 0;
				GCC_PREPROCESSOR_DEFINITIONS = (
					"DEBUG=1",
					"$(inherited)",
				);
				GCC_SYMBOLS_PRIVATE_EXTERN = NO;
				GCC_WARN_64_TO_32_BIT_CONVERSION = YES;
				GCC_WARN_ABOUT_RETURN_TYPE = YES_ERROR;
				GCC_WARN_UNDECLARED_SELECTOR = YES;
				GCC_WARN_UNINITIALIZED_AUTOS = YES;
				GCC_WARN_UNUSED_FUNCTION = YES;
				GCC_WARN_UNUSED_VARIABLE = YES;
				IPHONEOS_DEPLOYMENT_TARGET = 7.0;
				ONLY_ACTIVE_ARCH = YES;
				SDKROOT = iphoneos;
				TARGETED_DEVICE_FAMILY = 2;
			};
			name = Debug;
		};
		102D514718A441CF00FEE591 /* Release */ = {
			isa = XCBuildConfiguration;
			buildSettings = {
				ALWAYS_SEARCH_USER_PATHS = NO;
				ARCHS = "$(ARCHS_STANDARD_INCLUDING_64_BIT)";
				CLANG_CXX_LANGUAGE_STANDARD = "gnu++0x";
				CLANG_CXX_LIBRARY = "libc++";
				CLANG_ENABLE_MODULES = YES;
				CLANG_ENABLE_OBJC_ARC = YES;
				CLANG_WARN_BOOL_CONVERSION = YES;
				CLANG_WARN_CONSTANT_CONVERSION = YES;
				CLANG_WARN_DIRECT_OBJC_ISA_USAGE = YES_ERROR;
				CLANG_WARN_EMPTY_BODY = YES;
				CLANG_WARN_ENUM_CONVERSION = YES;
				CLANG_WARN_INT_CONVERSION = YES;
				CLANG_WARN_OBJC_ROOT_CLASS = YES_ERROR;
				CLANG_WARN__DUPLICATE_METHOD_MATCH = YES;
				"CODE_SIGN_IDENTITY[sdk=iphoneos*]" = "iPhone Developer";
				COPY_PHASE_STRIP = YES;
				ENABLE_NS_ASSERTIONS = NO;
				GCC_C_LANGUAGE_STANDARD = gnu99;
				GCC_WARN_64_TO_32_BIT_CONVERSION = YES;
				GCC_WARN_ABOUT_RETURN_TYPE = YES_ERROR;
				GCC_WARN_UNDECLARED_SELECTOR = YES;
				GCC_WARN_UNINITIALIZED_AUTOS = YES;
				GCC_WARN_UNUSED_FUNCTION = YES;
				GCC_WARN_UNUSED_VARIABLE = YES;
				IPHONEOS_DEPLOYMENT_TARGET = 7.0;
				SDKROOT = iphoneos;
				TARGETED_DEVICE_FAMILY = 2;
				VALIDATE_PRODUCT = YES;
			};
			name = Release;
		};
		102D514918A441CF00FEE591 /* Debug */ = {
			isa = XCBuildConfiguration;
			buildSettings = {
				ASSETCATALOG_COMPILER_APPICON_NAME = AppIcon;
				ASSETCATALOG_COMPILER_LAUNCHIMAGE_NAME = LaunchImage;
				GCC_PRECOMPILE_PREFIX_HEADER = YES;
				GCC_PREFIX_HEADER = "ulive-ipad-demo/ulive-ipad-demo-Prefix.pch";
				INFOPLIST_FILE = "ulive-ipad-demo/ulive-ipad-demo-Info.plist";
				PRODUCT_NAME = "$(TARGET_NAME)";
				TARGETED_DEVICE_FAMILY = 2;
				WRAPPER_EXTENSION = app;
			};
			name = Debug;
		};
		102D514A18A441CF00FEE591 /* Release */ = {
			isa = XCBuildConfiguration;
			buildSettings = {
				ASSETCATALOG_COMPILER_APPICON_NAME = AppIcon;
				ASSETCATALOG_COMPILER_LAUNCHIMAGE_NAME = LaunchImage;
				GCC_PRECOMPILE_PREFIX_HEADER = YES;
				GCC_PREFIX_HEADER = "ulive-ipad-demo/ulive-ipad-demo-Prefix.pch";
				INFOPLIST_FILE = "ulive-ipad-demo/ulive-ipad-demo-Info.plist";
				PRODUCT_NAME = "$(TARGET_NAME)";
				TARGETED_DEVICE_FAMILY = 2;
				WRAPPER_EXTENSION = app;
			};
			name = Release;
		};
		102D514C18A441CF00FEE591 /* Debug */ = {
			isa = XCBuildConfiguration;
			buildSettings = {
				ARCHS = "$(ARCHS_STANDARD_INCLUDING_64_BIT)";
				BUNDLE_LOADER = "$(BUILT_PRODUCTS_DIR)/ulive-ipad-demo.app/ulive-ipad-demo";
				FRAMEWORK_SEARCH_PATHS = (
					"$(SDKROOT)/Developer/Library/Frameworks",
					"$(inherited)",
					"$(DEVELOPER_FRAMEWORKS_DIR)",
				);
				GCC_PRECOMPILE_PREFIX_HEADER = YES;
				GCC_PREFIX_HEADER = "ulive-ipad-demo/ulive-ipad-demo-Prefix.pch";
				GCC_PREPROCESSOR_DEFINITIONS = (
					"DEBUG=1",
					"$(inherited)",
				);
				INFOPLIST_FILE = "ulive-ipad-demoTests/ulive-ipad-demoTests-Info.plist";
				PRODUCT_NAME = "$(TARGET_NAME)";
				TEST_HOST = "$(BUNDLE_LOADER)";
				WRAPPER_EXTENSION = xctest;
			};
			name = Debug;
		};
		102D514D18A441CF00FEE591 /* Release */ = {
			isa = XCBuildConfiguration;
			buildSettings = {
				ARCHS = "$(ARCHS_STANDARD_INCLUDING_64_BIT)";
				BUNDLE_LOADER = "$(BUILT_PRODUCTS_DIR)/ulive-ipad-demo.app/ulive-ipad-demo";
				FRAMEWORK_SEARCH_PATHS = (
					"$(SDKROOT)/Developer/Library/Frameworks",
					"$(inherited)",
					"$(DEVELOPER_FRAMEWORKS_DIR)",
				);
				GCC_PRECOMPILE_PREFIX_HEADER = YES;
				GCC_PREFIX_HEADER = "ulive-ipad-demo/ulive-ipad-demo-Prefix.pch";
				INFOPLIST_FILE = "ulive-ipad-demoTests/ulive-ipad-demoTests-Info.plist";
				PRODUCT_NAME = "$(TARGET_NAME)";
				TEST_HOST = "$(BUNDLE_LOADER)";
				WRAPPER_EXTENSION = xctest;
			};
			name = Release;
		};
/* End XCBuildConfiguration section */

/* Begin XCConfigurationList section */
		102D511718A441CF00FEE591 /* Build configuration list for PBXProject "ulive-ipad-demo" */ = {
			isa = XCConfigurationList;
			buildConfigurations = (
				102D514618A441CF00FEE591 /* Debug */,
				102D514718A441CF00FEE591 /* Release */,
			);
			defaultConfigurationIsVisible = 0;
			defaultConfigurationName = Release;
		};
		102D514818A441CF00FEE591 /* Build configuration list for PBXNativeTarget "ulive-ipad-demo" */ = {
			isa = XCConfigurationList;
			buildConfigurations = (
				102D514918A441CF00FEE591 /* Debug */,
				102D514A18A441CF00FEE591 /* Release */,
			);
			defaultConfigurationIsVisible = 0;
			defaultConfigurationName = Release;
		};
		102D514B18A441CF00FEE591 /* Build configuration list for PBXNativeTarget "ulive-ipad-demoTests" */ = {
			isa = XCConfigurationList;
			buildConfigurations = (
				102D514C18A441CF00FEE591 /* Debug */,
				102D514D18A441CF00FEE591 /* Release */,
			);
			defaultConfigurationIsVisible = 0;
			defaultConfigurationName = Release;
		};
/* End XCConfigurationList section */
	};
	rootObject = 102D511418A441CF00FEE591 /* Project object */;
}
